
Microsoft Visual Studio Solution File, Format Version 12.00
# Visual Studio Version 16
VisualStudioVersion = 16.0.29409.12
MinimumVisualStudioVersion = 10.0.40219.1
Project("{F184B08F-C81C-45F6-A57F-5ABD9991F28F}") = "SapPPMExcelAddin", "SapPPMExcelAddin\SapPPMExcelAddin.vbproj", "{AEB59DE4-70A1-4B4D-832B-A994A2988EA3}"
EndProject
Project("{9A19103F-16F7-4668-BE54-9A1E7A4F7556}") = "SAPCommon", "..\SAPCommon\SAPCommon.csproj", "{75D199D5-3BD4-4E68-A3CC-D9C877DBD758}"
EndProject
Project("{778DAE3C-4631-46EA-AA77-85C1314464D9}") = "SAPLogon", "..\SapLogon\SAPLogon.vbproj", "{31E321E0-A3DB-4E3F-8CE5-69AE0EC919CA}"
EndProject
Global
	GlobalSection(SolutionConfigurationPlatforms) = preSolution
		Debug|Any CPU = Debug|Any CPU
		Debug|x64 = Debug|x64
		Debug|x86 = Debug|x86
		Release|Any CPU = Release|Any CPU
		Release|x64 = Release|x64
		Release|x86 = Release|x86
	EndGlobalSection
	GlobalSection(ProjectConfigurationPlatforms) = postSolution
		{AEB59DE4-70A1-4B4D-832B-A994A2988EA3}.Debug|Any CPU.ActiveCfg = Debug|Any CPU
		{AEB59DE4-70A1-4B4D-832B-A994A2988EA3}.Debug|Any CPU.Build.0 = Debug|Any CPU
		{AEB59DE4-70A1-4B4D-832B-A994A2988EA3}.Debug|x64.ActiveCfg = Debug|Any CPU
		{AEB59DE4-70A1-4B4D-832B-A994A2988EA3}.Debug|x64.Build.0 = Debug|Any CPU
		{AEB59DE4-70A1-4B4D-832B-A994A2988EA3}.Debug|x86.ActiveCfg = Debug|Any CPU
		{AEB59DE4-70A1-4B4D-832B-A994A2988EA3}.Debug|x86.Build.0 = Debug|Any CPU
		{AEB59DE4-70A1-4B4D-832B-A994A2988EA3}.Release|Any CPU.ActiveCfg = Release|Any CPU
		{AEB59DE4-70A1-4B4D-832B-A994A2988EA3}.Release|Any CPU.Build.0 = Release|Any CPU
		{AEB59DE4-70A1-4B4D-832B-A994A2988EA3}.Release|x64.ActiveCfg = Release|Any CPU
		{AEB59DE4-70A1-4B4D-832B-A994A2988EA3}.Release|x64.Build.0 = Release|Any CPU
		{AEB59DE4-70A1-4B4D-832B-A994A2988EA3}.Release|x86.ActiveCfg = Release|Any CPU
		{AEB59DE4-70A1-4B4D-832B-A994A2988EA3}.Release|x86.Build.0 = Release|Any CPU
		{75D199D5-3BD4-4E68-A3CC-D9C877DBD758}.Debug|Any CPU.ActiveCfg = Debug|Any CPU
		{75D199D5-3BD4-4E68-A3CC-D9C877DBD758}.Debug|Any CPU.Build.0 = Debug|Any CPU
		{75D199D5-3BD4-4E68-A3CC-D9C877DBD758}.Debug|x64.ActiveCfg = Debug|x64
		{75D199D5-3BD4-4E68-A3CC-D9C877DBD758}.Debug|x64.Build.0 = Debug|x64
		{75D199D5-3BD4-4E68-A3CC-D9C877DBD758}.Debug|x86.ActiveCfg = Debug|x86
		{75D199D5-3BD4-4E68-A3CC-D9C877DBD758}.Debug|x86.Build.0 = Debug|x86
		{75D199D5-3BD4-4E68-A3CC-D9C877DBD758}.Release|Any CPU.ActiveCfg = Release|Any CPU
		{75D199D5-3BD4-4E68-A3CC-D9C877DBD758}.Release|Any CPU.Build.0 = Release|Any CPU
		{75D199D5-3BD4-4E68-A3CC-D9C877DBD758}.Release|x64.ActiveCfg = Release|x64
		{75D199D5-3BD4-4E68-A3CC-D9C877DBD758}.Release|x64.Build.0 = Release|x64
		{75D199D5-3BD4-4E68-A3CC-D9C877DBD758}.Release|x86.ActiveCfg = Release|x86
		{75D199D5-3BD4-4E68-A3CC-D9C877DBD758}.Release|x86.Build.0 = Release|x86
		{31E321E0-A3DB-4E3F-8CE5-69AE0EC919CA}.Debug|Any CPU.ActiveCfg = Debug|Any CPU
		{31E321E0-A3DB-4E3F-8CE5-69AE0EC919CA}.Debug|Any CPU.Build.0 = Debug|Any CPU
		{31E321E0-A3DB-4E3F-8CE5-69AE0EC919CA}.Debug|x64.ActiveCfg = Debug|x64
		{31E321E0-A3DB-4E3F-8CE5-69AE0EC919CA}.Debug|x64.Build.0 = Debug|x64
		{31E321E0-A3DB-4E3F-8CE5-69AE0EC919CA}.Debug|x86.ActiveCfg = Debug|x86
		{31E321E0-A3DB-4E3F-8CE5-69AE0EC919CA}.Debug|x86.Build.0 = Debug|x86
		{31E321E0-A3DB-4E3F-8CE5-69AE0EC919CA}.Release|Any CPU.ActiveCfg = Release|Any CPU
		{31E321E0-A3DB-4E3F-8CE5-69AE0EC919CA}.Release|Any CPU.Build.0 = Release|Any CPU
		{31E321E0-A3DB-4E3F-8CE5-69AE0EC919CA}.Release|x64.ActiveCfg = Release|x64
		{31E321E0-A3DB-4E3F-8CE5-69AE0EC919CA}.Release|x64.Build.0 = Release|x64
		{31E321E0-A3DB-4E3F-8CE5-69AE0EC919CA}.Release|x86.ActiveCfg = Release|x86
		{31E321E0-A3DB-4E3F-8CE5-69AE0EC919CA}.Release|x86.Build.0 = Release|x86
	EndGlobalSection
	GlobalSection(SolutionProperties) = preSolution
		HideSolutionNode = FALSE
	EndGlobalSection
	GlobalSection(ExtensibilityGlobals) = postSolution
		SolutionGuid = {B26E1AF0-DE39-456A-80C8-067DC8E6C878}
	EndGlobalSection
EndGlobal
